{
  "name": "jayantara-quest-log",
  "version": "0.1.0",
  "lockfileVersion": 3,
  "requires": true,
  "packages": {
    "": {
      "name": "jayantara-quest-log",
      "version": "0.1.0",
      "workspaces": ["packages/*", "apps/*"],
      "devDependencies": {"typescript": "^5.9.2"}
    },
    "node_modules/typescript": {
      "version": "5.9.2",
      "resolved": "https://registry.npmjs.org/typescript/-/typescript-5.9.2.tgz",
      "integrity": "sha512-CWBzXQrc/qOkLQyYhT9v0pY3mKjvX5QnJ4oQy4n6g9s7r0w8u7p1r9d8f5j3b2k1a0z9y8x7w6v5u4t3s2r1q==",
      "dev": true,
      "bin": {"tsc": "bin/tsc", "tsserver": "bin/tsserver"}
    }
  }
}
