{
  "name": "jayantara-quest-log",
  "version": "0.1.0",
  "lockfileVersion": 3,
  "requires": true,
  "packages": {
    "": {
      "name": "jayantara-quest-log",
      "version": "0.1.0",
      "workspaces": ["packages/*", "apps/*"],
      "devDependencies": {
        "@types/node": "24.13.3",
        "typescript": "5.9.2"
      }
    },
    "node_modules/@jayantara/core": {"resolved":"packages/core","link":true},
    "node_modules/@jayantara/platform": {"resolved":"packages/platform","link":true},
    "node_modules/@jayantara/mobile": {"resolved":"apps/mobile","link":true},
    "node_modules/@jayantara/web": {"resolved":"apps/web","link":true},
    "node_modules/@types/node": {"version":"24.13.3","resolved":"https://registry.npmjs.org/@types/node/-/node-24.13.3.tgz","dev":true,"dependencies":{"undici-types":"~7.18.2"}},
    "node_modules/typescript": {"version":"5.9.2","resolved":"https://registry.npmjs.org/typescript/-/typescript-5.9.2.tgz","dev":true,"bin":{"tsc":"bin/tsc","tsserver":"bin/tsserver"}},
    "node_modules/undici-types": {"version":"7.18.2","resolved":"https://registry.npmjs.org/undici-types/-/undici-types-7.18.2.tgz","dev":true},
    "packages/core": {"name":"@jayantara/core","version":"0.1.0","dev":true},
    "packages/platform": {"name":"@jayantara/platform","version":"0.1.0","dev":true},
    "apps/mobile": {"name":"@jayantara/mobile","version":"0.1.0","dependencies":{"@jayantara/core":"0.1.0","expo":"54.0.0","react":"19.1.0","react-native":"0.81.0"}},
    "apps/web": {"name":"@jayantara/web","version":"0.1.0","dependencies":{"@jayantara/core":"0.1.0","@vitejs/plugin-react":"latest","vite":"7.1.3","react":"19.1.0","react-dom":"19.1.0"}}
  }
}
